
Microsoft Visual Studio Solution File, Format Version 11.00
# Visual Studio 2010
Project("{FAE04EC0-301F-11D3-BF4B-00C04F79EFBC}") = "EndPointBehavior", "EndPointBehavior\EndPointBehavior.csproj", "{2ECDA757-60A3-4D4E-A50A-DA81B71C1B1B}"
EndProject
Project("{FAE04EC0-301F-11D3-BF4B-00C04F79EFBC}") = "Service3.Service", "Service3.Service\Service3.Service.csproj", "{8C6FE3D8-8559-419A-BB5F-2684B6560749}"
EndProject
Project("{FAE04EC0-301F-11D3-BF4B-00C04F79EFBC}") = "Behaviors", "Behaviors\Behaviors.csproj", "{E6981B5C-8A9C-4C03-843A-5B61E306FE1B}"
EndProject
Project("{FAE04EC0-301F-11D3-BF4B-00C04F79EFBC}") = "EndPointBehavior.Consumer", "EndPointBehavior.Consumer\EndPointBehavior.Consumer.csproj", "{D76E7E07-3D99-4DC4-AE12-E637FC91AB04}"
EndProject
Global
	GlobalSection(SolutionConfigurationPlatforms) = preSolution
		Debug|Any CPU = Debug|Any CPU
		Debug|Mixed Platforms = Debug|Mixed Platforms
		Debug|x86 = Debug|x86
		Release|Any CPU = Release|Any CPU
		Release|Mixed Platforms = Release|Mixed Platforms
		Release|x86 = Release|x86
	EndGlobalSection
	GlobalSection(ProjectConfigurationPlatforms) = postSolution
		{2ECDA757-60A3-4D4E-A50A-DA81B71C1B1B}.Debug|Any CPU.ActiveCfg = Debug|x86
		{2ECDA757-60A3-4D4E-A50A-DA81B71C1B1B}.Debug|Mixed Platforms.ActiveCfg = Debug|x86
		{2ECDA757-60A3-4D4E-A50A-DA81B71C1B1B}.Debug|Mixed Platforms.Build.0 = Debug|x86
		{2ECDA757-60A3-4D4E-A50A-DA81B71C1B1B}.Debug|x86.ActiveCfg = Debug|x86
		{2ECDA757-60A3-4D4E-A50A-DA81B71C1B1B}.Debug|x86.Build.0 = Debug|x86
		{2ECDA757-60A3-4D4E-A50A-DA81B71C1B1B}.Release|Any CPU.ActiveCfg = Release|x86
		{2ECDA757-60A3-4D4E-A50A-DA81B71C1B1B}.Release|Mixed Platforms.ActiveCfg = Release|x86
		{2ECDA757-60A3-4D4E-A50A-DA81B71C1B1B}.Release|Mixed Platforms.Build.0 = Release|x86
		{2ECDA757-60A3-4D4E-A50A-DA81B71C1B1B}.Release|x86.ActiveCfg = Release|x86
		{2ECDA757-60A3-4D4E-A50A-DA81B71C1B1B}.Release|x86.Build.0 = Release|x86
		{8C6FE3D8-8559-419A-BB5F-2684B6560749}.Debug|Any CPU.ActiveCfg = Debug|Any CPU
		{8C6FE3D8-8559-419A-BB5F-2684B6560749}.Debug|Any CPU.Build.0 = Debug|Any CPU
		{8C6FE3D8-8559-419A-BB5F-2684B6560749}.Debug|Mixed Platforms.ActiveCfg = Debug|Any CPU
		{8C6FE3D8-8559-419A-BB5F-2684B6560749}.Debug|Mixed Platforms.Build.0 = Debug|Any CPU
		{8C6FE3D8-8559-419A-BB5F-2684B6560749}.Debug|x86.ActiveCfg = Debug|Any CPU
		{8C6FE3D8-8559-419A-BB5F-2684B6560749}.Release|Any CPU.ActiveCfg = Release|Any CPU
		{8C6FE3D8-8559-419A-BB5F-2684B6560749}.Release|Any CPU.Build.0 = Release|Any CPU
		{8C6FE3D8-8559-419A-BB5F-2684B6560749}.Release|Mixed Platforms.ActiveCfg = Release|Any CPU
		{8C6FE3D8-8559-419A-BB5F-2684B6560749}.Release|Mixed Platforms.Build.0 = Release|Any CPU
		{8C6FE3D8-8559-419A-BB5F-2684B6560749}.Release|x86.ActiveCfg = Release|Any CPU
		{E6981B5C-8A9C-4C03-843A-5B61E306FE1B}.Debug|Any CPU.ActiveCfg = Debug|Any CPU
		{E6981B5C-8A9C-4C03-843A-5B61E306FE1B}.Debug|Any CPU.Build.0 = Debug|Any CPU
		{E6981B5C-8A9C-4C03-843A-5B61E306FE1B}.Debug|Mixed Platforms.ActiveCfg = Debug|Any CPU
		{E6981B5C-8A9C-4C03-843A-5B61E306FE1B}.Debug|Mixed Platforms.Build.0 = Debug|Any CPU
		{E6981B5C-8A9C-4C03-843A-5B61E306FE1B}.Debug|x86.ActiveCfg = Debug|Any CPU
		{E6981B5C-8A9C-4C03-843A-5B61E306FE1B}.Release|Any CPU.ActiveCfg = Release|Any CPU
		{E6981B5C-8A9C-4C03-843A-5B61E306FE1B}.Release|Any CPU.Build.0 = Release|Any CPU
		{E6981B5C-8A9C-4C03-843A-5B61E306FE1B}.Release|Mixed Platforms.ActiveCfg = Release|Any CPU
		{E6981B5C-8A9C-4C03-843A-5B61E306FE1B}.Release|Mixed Platforms.Build.0 = Release|Any CPU
		{E6981B5C-8A9C-4C03-843A-5B61E306FE1B}.Release|x86.ActiveCfg = Release|Any CPU
		{D76E7E07-3D99-4DC4-AE12-E637FC91AB04}.Debug|Any CPU.ActiveCfg = Debug|x86
		{D76E7E07-3D99-4DC4-AE12-E637FC91AB04}.Debug|Mixed Platforms.ActiveCfg = Debug|x86
		{D76E7E07-3D99-4DC4-AE12-E637FC91AB04}.Debug|Mixed Platforms.Build.0 = Debug|x86
		{D76E7E07-3D99-4DC4-AE12-E637FC91AB04}.Debug|x86.ActiveCfg = Debug|x86
		{D76E7E07-3D99-4DC4-AE12-E637FC91AB04}.Debug|x86.Build.0 = Debug|x86
		{D76E7E07-3D99-4DC4-AE12-E637FC91AB04}.Release|Any CPU.ActiveCfg = Release|x86
		{D76E7E07-3D99-4DC4-AE12-E637FC91AB04}.Release|Mixed Platforms.ActiveCfg = Release|x86
		{D76E7E07-3D99-4DC4-AE12-E637FC91AB04}.Release|Mixed Platforms.Build.0 = Release|x86
		{D76E7E07-3D99-4DC4-AE12-E637FC91AB04}.Release|x86.ActiveCfg = Release|x86
		{D76E7E07-3D99-4DC4-AE12-E637FC91AB04}.Release|x86.Build.0 = Release|x86
	EndGlobalSection
	GlobalSection(SolutionProperties) = preSolution
		HideSolutionNode = FALSE
	EndGlobalSection
EndGlobal
