
Microsoft Visual Studio Solution File, Format Version 11.00
# Visual Studio 2010
Project("{FAE04EC0-301F-11D3-BF4B-00C04F79EFBC}") = "GitHubWebService", "GitHubWebService\GitHubWebService.csproj", "{096FBD86-EF17-4302-B6DF-BB476D88DC8B}"
EndProject
Global
	GlobalSection(SolutionConfigurationPlatforms) = preSolution
		Debug|x86 = Debug|x86
		Release|x86 = Release|x86
	EndGlobalSection
	GlobalSection(ProjectConfigurationPlatforms) = postSolution
		{096FBD86-EF17-4302-B6DF-BB476D88DC8B}.Debug|x86.ActiveCfg = Debug|x86
		{096FBD86-EF17-4302-B6DF-BB476D88DC8B}.Debug|x86.Build.0 = Debug|x86
		{096FBD86-EF17-4302-B6DF-BB476D88DC8B}.Release|x86.ActiveCfg = Release|x86
		{096FBD86-EF17-4302-B6DF-BB476D88DC8B}.Release|x86.Build.0 = Release|x86
	EndGlobalSection
	GlobalSection(SolutionProperties) = preSolution
		HideSolutionNode = FALSE
	EndGlobalSection
EndGlobal
